
Microsoft Visual Studio Solution File, Format Version 12.00
# Visual Studio 15
VisualStudioVersion = 15.0.28307.329
MinimumVisualStudioVersion = 10.0.40219.1
Project("{FAE04EC0-301F-11D3-BF4B-00C04F79EFBC}") = "Task1", "Task1\Task1.csproj", "{11A7E806-3E24-4BB9-836E-C9632DD9DCB3}"
EndProject
Global
	GlobalSection(SolutionConfigurationPlatforms) = preSolution
		Debug|Any CPU = Debug|Any CPU
		Release|Any CPU = Release|Any CPU
	EndGlobalSection
	GlobalSection(ProjectConfigurationPlatforms) = postSolution
		{11A7E806-3E24-4BB9-836E-C9632DD9DCB3}.Debug|Any CPU.ActiveCfg = Debug|Any CPU
		{11A7E806-3E24-4BB9-836E-C9632DD9DCB3}.Debug|Any CPU.Build.0 = Debug|Any CPU
		{11A7E806-3E24-4BB9-836E-C9632DD9DCB3}.Release|Any CPU.ActiveCfg = Release|Any CPU
		{11A7E806-3E24-4BB9-836E-C9632DD9DCB3}.Release|Any CPU.Build.0 = Release|Any CPU
	EndGlobalSection
	GlobalSection(SolutionProperties) = preSolution
		HideSolutionNode = FALSE
	EndGlobalSection
	GlobalSection(ExtensibilityGlobals) = postSolution
		SolutionGuid = {0E2C873D-38BB-4FBC-95C8-AC3E9313FDE8}
	EndGlobalSection
EndGlobal
